<?xml version="1.0" encoding="utf-8"?>
<Project ToolsVersion="4.0" xmlns="http://schemas.microsoft.com/developer/msbuild/2003">
  <ItemGroup>
    <Filter Include="Source Files">
      <UniqueIdentifier>{4FC737F1-C7A5-4376-A066-2A32D752A2FF}</UniqueIdentifier>
      <Extensions>cpp;c;cc;cxx;c++;cppm;ixx;def;odl;idl;hpj;bat;asm;asmx</Extensions>
    </Filter>
    <Filter Include="Header Files">
      <UniqueIdentifier>{93995380-89BD-4b04-88EB-625FBE52EBFB}</UniqueIdentifier>
      <Extensions>h;hh;hpp;hxx;h++;hm;inl;inc;ipp;xsd</Extensions>
    </Filter>
    <Filter Include="Resource Files">
      <UniqueIdentifier>{67DA6AB6-F800-4c08-8B7A-83BB121AAD01}</UniqueIdentifier>
      <Extensions>rc;ico;cur;bmp;dlg;rc2;rct;bin;rgs;gif;jpg;jpeg;jpe;resx;tiff;tif;png;wav;mfcribbon-ms</Extensions>
    </Filter>
    <Filter Include="GUI">
      <UniqueIdentifier>{62f15810-f53e-4222-8c04-5db85d934a6b}</UniqueIdentifier>
    </Filter>
    <Filter Include="AI">
      <UniqueIdentifier>{75cc2e7c-7360-427c-85f3-c198f2652c07}</UniqueIdentifier>
    </Filter>
    <Filter Include="Animation">
      <UniqueIdentifier>{f9bf4e85-a49b-4e4b-8a10-d2c96f4188c4}</UniqueIdentifier>
    </Filter>
    <Filter Include="Light">
      <UniqueIdentifier>{a45e904f-ffd7-449e-af08-829c219e4653}</UniqueIdentifier>
    </Filter>
    <Filter Include="MeshObj">
      <UniqueIdentifier>{c30e103f-a967-4b23-ad1e-7ac7cc4e704c}</UniqueIdentifier>
    </Filter>
    <Filter Include="Shader">
      <UniqueIdentifier>{4b1a188c-32e9-45b0-9ba2-d2af952d8a24}</UniqueIdentifier>
    </Filter>
    <Filter Include="Texture">
      <UniqueIdentifier>{770e8670-07e3-4ac0-b2f6-d24943b7e8b7}</UniqueIdentifier>
    </Filter>
    <Filter Include="VAOManager">
      <UniqueIdentifier>{4bf1f719-9487-44ae-a643-39cb2af4583b}</UniqueIdentifier>
    </Filter>
    <Filter Include="XML">
      <UniqueIdentifier>{7aa3ee4a-19a5-4a7d-9d73-55cf17f9bb9f}</UniqueIdentifier>
    </Filter>
    <Filter Include="IMGUI">
      <UniqueIdentifier>{fef6f500-c35b-4635-a2ff-ada4cc4a60e2}</UniqueIdentifier>
    </Filter>
    <Filter Include="Physic">
      <UniqueIdentifier>{7cdcf930-7181-415c-acb5-ad2161a930d5}</UniqueIdentifier>
    </Filter>
  </ItemGroup>
  <ItemGroup>
    <ClCompile Include="src\glad.c">
      <Filter>Source Files</Filter>
    </ClCompile>
    <ClCompile Include="src\main.cpp">
      <Filter>Source Files</Filter>
    </ClCompile>
    <ClCompile Include="src\time.cpp">
      <Filter>Source Files</Filter>
    </ClCompile>
    <ClCompile Include="src\GUI\cGUI.cpp">
      <Filter>GUI</Filter>
    </ClCompile>
    <ClCompile Include="src\AI\cAI.cpp">
      <Filter>AI</Filter>
    </ClCompile>
    <ClCompile Include="src\AI\cSteering.cpp">
      <Filter>AI</Filter>
    </ClCompile>
    <ClCompile Include="src\Animation\AnimationManager.cpp">
      <Filter>Animation</Filter>
    </ClCompile>
    <ClCompile Include="src\Animation\cAnimation.cpp">
      <Filter>Animation</Filter>
    </ClCompile>
    <ClCompile Include="src\Light\cLight.cpp">
      <Filter>Light</Filter>
    </ClCompile>
    <ClCompile Include="src\Light\cLightManager.cpp">
      <Filter>Light</Filter>
    </ClCompile>
    <ClCompile Include="src\MeshObj\cMeshObj.cpp">
      <Filter>MeshObj</Filter>
    </ClCompile>
    <ClCompile Include="src\Shader\cShader.cpp">
      <Filter>Shader</Filter>
    </ClCompile>
    <ClCompile Include="src\Shader\cShaderManager.cpp">
      <Filter>Shader</Filter>
    </ClCompile>
    <ClCompile Include="src\Shader\cShaderProgram.cpp">
      <Filter>Shader</Filter>
    </ClCompile>
    <ClCompile Include="src\Texture\C24BitBMPpixel.cpp">
      <Filter>Texture</Filter>
    </ClCompile>
    <ClCompile Include="src\Texture\cTextureFromBMP.cpp">
      <Filter>Texture</Filter>
    </ClCompile>
    <ClCompile Include="src\Texture\cTextureManager.cpp">
      <Filter>Texture</Filter>
    </ClCompile>
    <ClCompile Include="src\VAOManager\cModelDrawInfo.cpp">
      <Filter>VAOManager</Filter>
    </ClCompile>
    <ClCompile Include="src\VAOManager\cVAOManager.cpp">
      <Filter>VAOManager</Filter>
    </ClCompile>
    <ClCompile Include="src\XML\cXML.cpp">
      <Filter>XML</Filter>
    </ClCompile>
    <ClCompile Include="..\dev\inc\imgui\imgui.cpp">
      <Filter>IMGUI</Filter>
    </ClCompile>
    <ClCompile Include="..\dev\inc\imgui\imgui_demo.cpp">
      <Filter>IMGUI</Filter>
    </ClCompile>
    <ClCompile Include="..\dev\inc\imgui\imgui_draw.cpp">
      <Filter>IMGUI</Filter>
    </ClCompile>
    <ClCompile Include="..\dev\inc\imgui\imgui_impl_glfw.cpp">
      <Filter>IMGUI</Filter>
    </ClCompile>
    <ClCompile Include="..\dev\inc\imgui\imgui_impl_opengl3.cpp">
      <Filter>IMGUI</Filter>
    </ClCompile>
    <ClCompile Include="..\dev\inc\imgui\imgui_tables.cpp">
      <Filter>IMGUI</Filter>
    </ClCompile>
    <ClCompile Include="..\dev\inc\imgui\imgui_widgets.cpp">
      <Filter>IMGUI</Filter>
    </ClCompile>
    <ClCompile Include="src\Physic\Physic.cpp">
      <Filter>Physic</Filter>
    </ClCompile>
    <ClCompile Include="src\Physic\cObject.cpp">
      <Filter>Physic</Filter>
    </ClCompile>
    <ClCompile Include="src\Physic\CollisionListener.cpp">
      <Filter>Physic</Filter>
    </ClCompile>
    <ClCompile Include="src\FMOD\FModManager.cpp">
      <Filter>Source Files</Filter>
    </ClCompile>
    <ClCompile Include="src\Physic\PhysX.cpp">
      <Filter>Physic</Filter>
    </ClCompile>
  </ItemGroup>
  <ItemGroup>
    <ClInclude Include="src\globalOpenGL.h">
      <Filter>Source Files</Filter>
    </ClInclude>
    <ClInclude Include="src\time.h">
      <Filter>Source Files</Filter>
    </ClInclude>
    <ClInclude Include="src\GUI\cGUI.h">
      <Filter>GUI</Filter>
    </ClInclude>
    <ClInclude Include="src\AI\cAI.h">
      <Filter>AI</Filter>
    </ClInclude>
    <ClInclude Include="src\AI\cSteering.h">
      <Filter>AI</Filter>
    </ClInclude>
    <ClInclude Include="src\Animation\AnimationManager.h">
      <Filter>Animation</Filter>
    </ClInclude>
    <ClInclude Include="src\Animation\cAnimation.h">
      <Filter>Animation</Filter>
    </ClInclude>
    <ClInclude Include="src\Light\cLight.h">
      <Filter>Light</Filter>
    </ClInclude>
    <ClInclude Include="src\Light\cLightManager.h">
      <Filter>Light</Filter>
    </ClInclude>
    <ClInclude Include="src\MeshObj\cMeshObj.h">
      <Filter>MeshObj</Filter>
    </ClInclude>
    <ClInclude Include="src\Shader\cShaderManager.h">
      <Filter>Shader</Filter>
    </ClInclude>
    <ClInclude Include="src\Texture\C24BitBMPpixel.h">
      <Filter>Texture</Filter>
    </ClInclude>
    <ClInclude Include="src\Texture\cTextureFromBMP.h">
      <Filter>Texture</Filter>
    </ClInclude>
    <ClInclude Include="src\Texture\cTextureManager.h">
      <Filter>Texture</Filter>
    </ClInclude>
    <ClInclude Include="src\VAOManager\cModelDrawInfo.h">
      <Filter>VAOManager</Filter>
    </ClInclude>
    <ClInclude Include="src\VAOManager\cVAOManager.h">
      <Filter>VAOManager</Filter>
    </ClInclude>
    <ClInclude Include="src\XML\cXML.h">
      <Filter>XML</Filter>
    </ClInclude>
    <ClInclude Include="..\dev\inc\imgui\imconfig.h">
      <Filter>IMGUI</Filter>
    </ClInclude>
    <ClInclude Include="..\dev\inc\imgui\imgui.h">
      <Filter>IMGUI</Filter>
    </ClInclude>
    <ClInclude Include="..\dev\inc\imgui\imgui_impl_glfw.h">
      <Filter>IMGUI</Filter>
    </ClInclude>
    <ClInclude Include="..\dev\inc\imgui\imgui_impl_opengl3.h">
      <Filter>IMGUI</Filter>
    </ClInclude>
    <ClInclude Include="..\dev\inc\imgui\imgui_impl_opengl3_loader.h">
      <Filter>IMGUI</Filter>
    </ClInclude>
    <ClInclude Include="..\dev\inc\imgui\imgui_internal.h">
      <Filter>IMGUI</Filter>
    </ClInclude>
    <ClInclude Include="..\dev\inc\imgui\imstb_rectpack.h">
      <Filter>IMGUI</Filter>
    </ClInclude>
    <ClInclude Include="..\dev\inc\imgui\imstb_textedit.h">
      <Filter>IMGUI</Filter>
    </ClInclude>
    <ClInclude Include="..\dev\inc\imgui\imstb_truetype.h">
      <Filter>IMGUI</Filter>
    </ClInclude>
    <ClInclude Include="src\Physic\Physic.h">
      <Filter>Physic</Filter>
    </ClInclude>
    <ClInclude Include="src\Physic\cObject.h">
      <Filter>Physic</Filter>
    </ClInclude>
    <ClInclude Include="src\Physic\CollisionListener.h">
      <Filter>Physic</Filter>
    </ClInclude>
    <ClInclude Include="src\FMOD\FmodManager.h">
      <Filter>Header Files</Filter>
    </ClInclude>
    <ClInclude Include="src\Physic\PhysX.h">
      <Filter>Physic</Filter>
    </ClInclude>
  </ItemGroup>
</Project>